
Microsoft Visual Studio Solution File, Format Version 12.00
# Visual Studio Version 16
VisualStudioVersion = 16.0.29306.81
MinimumVisualStudioVersion = 10.0.40219.1
Project("{FAE04EC0-301F-11D3-BF4B-00C04F79EFBC}") = "ExercicioLista", "ExercicioLista\ExercicioLista.csproj", "{BCA81398-68A7-441D-8536-58A457F5BAB6}"
EndProject
Global
	GlobalSection(SolutionConfigurationPlatforms) = preSolution
		Debug|Any CPU = Debug|Any CPU
		Release|Any CPU = Release|Any CPU
	EndGlobalSection
	GlobalSection(ProjectConfigurationPlatforms) = postSolution
		{BCA81398-68A7-441D-8536-58A457F5BAB6}.Debug|Any CPU.ActiveCfg = Debug|Any CPU
		{BCA81398-68A7-441D-8536-58A457F5BAB6}.Debug|Any CPU.Build.0 = Debug|Any CPU
		{BCA81398-68A7-441D-8536-58A457F5BAB6}.Release|Any CPU.ActiveCfg = Release|Any CPU
		{BCA81398-68A7-441D-8536-58A457F5BAB6}.Release|Any CPU.Build.0 = Release|Any CPU
	EndGlobalSection
	GlobalSection(SolutionProperties) = preSolution
		HideSolutionNode = FALSE
	EndGlobalSection
	GlobalSection(ExtensibilityGlobals) = postSolution
		SolutionGuid = {B0D03C2E-4F71-4C04-A435-965697E6D0F4}
	EndGlobalSection
EndGlobal
