
Microsoft Visual Studio Solution File, Format Version 12.00
# Visual Studio Version 16
VisualStudioVersion = 16.0.29306.81
MinimumVisualStudioVersion = 10.0.40219.1
Project("{FAE04EC0-301F-11D3-BF4B-00C04F79EFBC}") = "FuncoesInteressantesString", "FuncoesInteressantesString\FuncoesInteressantesString.csproj", "{3DFBC4DD-FB89-4220-9A00-6D18985C2626}"
EndProject
Global
	GlobalSection(SolutionConfigurationPlatforms) = preSolution
		Debug|Any CPU = Debug|Any CPU
		Release|Any CPU = Release|Any CPU
	EndGlobalSection
	GlobalSection(ProjectConfigurationPlatforms) = postSolution
		{3DFBC4DD-FB89-4220-9A00-6D18985C2626}.Debug|Any CPU.ActiveCfg = Debug|Any CPU
		{3DFBC4DD-FB89-4220-9A00-6D18985C2626}.Debug|Any CPU.Build.0 = Debug|Any CPU
		{3DFBC4DD-FB89-4220-9A00-6D18985C2626}.Release|Any CPU.ActiveCfg = Release|Any CPU
		{3DFBC4DD-FB89-4220-9A00-6D18985C2626}.Release|Any CPU.Build.0 = Release|Any CPU
	EndGlobalSection
	GlobalSection(SolutionProperties) = preSolution
		HideSolutionNode = FALSE
	EndGlobalSection
	GlobalSection(ExtensibilityGlobals) = postSolution
		SolutionGuid = {5E9984E8-5522-4EB6-8223-E880A3B61F16}
	EndGlobalSection
EndGlobal
