
Microsoft Visual Studio Solution File, Format Version 12.00
# Visual Studio Version 16
VisualStudioVersion = 16.0.29306.81
MinimumVisualStudioVersion = 10.0.40219.1
Project("{FAE04EC0-301F-11D3-BF4B-00C04F79EFBC}") = "ExercicioEstruturaCondicional", "ExercicioEstruturaCondicional\ExercicioEstruturaCondicional.csproj", "{F14788AB-5828-438E-B035-2D604524C499}"
EndProject
Global
	GlobalSection(SolutionConfigurationPlatforms) = preSolution
		Debug|Any CPU = Debug|Any CPU
		Release|Any CPU = Release|Any CPU
	EndGlobalSection
	GlobalSection(ProjectConfigurationPlatforms) = postSolution
		{F14788AB-5828-438E-B035-2D604524C499}.Debug|Any CPU.ActiveCfg = Debug|Any CPU
		{F14788AB-5828-438E-B035-2D604524C499}.Debug|Any CPU.Build.0 = Debug|Any CPU
		{F14788AB-5828-438E-B035-2D604524C499}.Release|Any CPU.ActiveCfg = Release|Any CPU
		{F14788AB-5828-438E-B035-2D604524C499}.Release|Any CPU.Build.0 = Release|Any CPU
	EndGlobalSection
	GlobalSection(SolutionProperties) = preSolution
		HideSolutionNode = FALSE
	EndGlobalSection
	GlobalSection(ExtensibilityGlobals) = postSolution
		SolutionGuid = {99FDEA1A-94E8-4728-96F5-A3E978D83A6E}
	EndGlobalSection
EndGlobal
