
Microsoft Visual Studio Solution File, Format Version 12.00
# Visual Studio Version 16
VisualStudioVersion = 16.0.29230.47
MinimumVisualStudioVersion = 10.0.40219.1
Project("{FAE04EC0-301F-11D3-BF4B-00C04F79EFBC}") = "BubbleSort1", "BubbleSort1\BubbleSort1.csproj", "{8A922307-3779-4D67-BBF2-8D743644D6DA}"
EndProject
Global
	GlobalSection(SolutionConfigurationPlatforms) = preSolution
		Debug|Any CPU = Debug|Any CPU
		Release|Any CPU = Release|Any CPU
	EndGlobalSection
	GlobalSection(ProjectConfigurationPlatforms) = postSolution
		{8A922307-3779-4D67-BBF2-8D743644D6DA}.Debug|Any CPU.ActiveCfg = Debug|Any CPU
		{8A922307-3779-4D67-BBF2-8D743644D6DA}.Debug|Any CPU.Build.0 = Debug|Any CPU
		{8A922307-3779-4D67-BBF2-8D743644D6DA}.Release|Any CPU.ActiveCfg = Release|Any CPU
		{8A922307-3779-4D67-BBF2-8D743644D6DA}.Release|Any CPU.Build.0 = Release|Any CPU
	EndGlobalSection
	GlobalSection(SolutionProperties) = preSolution
		HideSolutionNode = FALSE
	EndGlobalSection
	GlobalSection(ExtensibilityGlobals) = postSolution
		SolutionGuid = {5661CAE4-66BC-40DF-A8EF-002A9E0D7363}
	EndGlobalSection
EndGlobal
