
Microsoft Visual Studio Solution File, Format Version 12.00
# Visual Studio Version 16
VisualStudioVersion = 16.0.29306.81
MinimumVisualStudioVersion = 10.0.40219.1
Project("{FAE04EC0-301F-11D3-BF4B-00C04F79EFBC}") = "SobreCarga", "SobreCarga\SobreCarga.csproj", "{FB843B07-0C67-4551-B761-A78996B78905}"
EndProject
Global
	GlobalSection(SolutionConfigurationPlatforms) = preSolution
		Debug|Any CPU = Debug|Any CPU
		Release|Any CPU = Release|Any CPU
	EndGlobalSection
	GlobalSection(ProjectConfigurationPlatforms) = postSolution
		{FB843B07-0C67-4551-B761-A78996B78905}.Debug|Any CPU.ActiveCfg = Debug|Any CPU
		{FB843B07-0C67-4551-B761-A78996B78905}.Debug|Any CPU.Build.0 = Debug|Any CPU
		{FB843B07-0C67-4551-B761-A78996B78905}.Release|Any CPU.ActiveCfg = Release|Any CPU
		{FB843B07-0C67-4551-B761-A78996B78905}.Release|Any CPU.Build.0 = Release|Any CPU
	EndGlobalSection
	GlobalSection(SolutionProperties) = preSolution
		HideSolutionNode = FALSE
	EndGlobalSection
	GlobalSection(ExtensibilityGlobals) = postSolution
		SolutionGuid = {2D6966B3-8897-4E5A-A9F3-5BF8232BAD94}
	EndGlobalSection
EndGlobal
