
Microsoft Visual Studio Solution File, Format Version 12.00
# Visual Studio Version 16
VisualStudioVersion = 16.0.29306.81
MinimumVisualStudioVersion = 10.0.40219.1
Project("{FAE04EC0-301F-11D3-BF4B-00C04F79EFBC}") = "ExercicioDia2309", "ExercicioDia2309\ExercicioDia2309.csproj", "{6B453DD0-1D1F-44AB-9A3D-DF82AD1F8828}"
EndProject
Global
	GlobalSection(SolutionConfigurationPlatforms) = preSolution
		Debug|Any CPU = Debug|Any CPU
		Release|Any CPU = Release|Any CPU
	EndGlobalSection
	GlobalSection(ProjectConfigurationPlatforms) = postSolution
		{6B453DD0-1D1F-44AB-9A3D-DF82AD1F8828}.Debug|Any CPU.ActiveCfg = Debug|Any CPU
		{6B453DD0-1D1F-44AB-9A3D-DF82AD1F8828}.Debug|Any CPU.Build.0 = Debug|Any CPU
		{6B453DD0-1D1F-44AB-9A3D-DF82AD1F8828}.Release|Any CPU.ActiveCfg = Release|Any CPU
		{6B453DD0-1D1F-44AB-9A3D-DF82AD1F8828}.Release|Any CPU.Build.0 = Release|Any CPU
	EndGlobalSection
	GlobalSection(SolutionProperties) = preSolution
		HideSolutionNode = FALSE
	EndGlobalSection
	GlobalSection(ExtensibilityGlobals) = postSolution
		SolutionGuid = {3D714E1B-B5DE-4E28-A774-2DD92C7DE96E}
	EndGlobalSection
EndGlobal
