
Microsoft Visual Studio Solution File, Format Version 12.00
# Visual Studio Version 16
VisualStudioVersion = 16.0.29306.81
MinimumVisualStudioVersion = 10.0.40219.1
Project("{FAE04EC0-301F-11D3-BF4B-00C04F79EFBC}") = "ExercicioStaticos", "ExercicioStaticos\ExercicioStaticos.csproj", "{C9842E13-77FE-421A-B7A1-822C2A64CE60}"
EndProject
Global
	GlobalSection(SolutionConfigurationPlatforms) = preSolution
		Debug|Any CPU = Debug|Any CPU
		Release|Any CPU = Release|Any CPU
	EndGlobalSection
	GlobalSection(ProjectConfigurationPlatforms) = postSolution
		{C9842E13-77FE-421A-B7A1-822C2A64CE60}.Debug|Any CPU.ActiveCfg = Debug|Any CPU
		{C9842E13-77FE-421A-B7A1-822C2A64CE60}.Debug|Any CPU.Build.0 = Debug|Any CPU
		{C9842E13-77FE-421A-B7A1-822C2A64CE60}.Release|Any CPU.ActiveCfg = Release|Any CPU
		{C9842E13-77FE-421A-B7A1-822C2A64CE60}.Release|Any CPU.Build.0 = Release|Any CPU
	EndGlobalSection
	GlobalSection(SolutionProperties) = preSolution
		HideSolutionNode = FALSE
	EndGlobalSection
	GlobalSection(ExtensibilityGlobals) = postSolution
		SolutionGuid = {3AF1A3AB-5455-423E-8C9B-DC16D5588354}
	EndGlobalSection
EndGlobal
