
Microsoft Visual Studio Solution File, Format Version 12.00
# Visual Studio Version 16
VisualStudioVersion = 16.0.29519.87
MinimumVisualStudioVersion = 10.0.40219.1
Project("{FAE04EC0-301F-11D3-BF4B-00C04F79EFBC}") = "BlocoUsing", "BlocoUsing\BlocoUsing.csproj", "{8D048CA6-5EBC-4750-8095-7919841D21D5}"
EndProject
Global
	GlobalSection(SolutionConfigurationPlatforms) = preSolution
		Debug|Any CPU = Debug|Any CPU
		Release|Any CPU = Release|Any CPU
	EndGlobalSection
	GlobalSection(ProjectConfigurationPlatforms) = postSolution
		{8D048CA6-5EBC-4750-8095-7919841D21D5}.Debug|Any CPU.ActiveCfg = Debug|Any CPU
		{8D048CA6-5EBC-4750-8095-7919841D21D5}.Debug|Any CPU.Build.0 = Debug|Any CPU
		{8D048CA6-5EBC-4750-8095-7919841D21D5}.Release|Any CPU.ActiveCfg = Release|Any CPU
		{8D048CA6-5EBC-4750-8095-7919841D21D5}.Release|Any CPU.Build.0 = Release|Any CPU
	EndGlobalSection
	GlobalSection(SolutionProperties) = preSolution
		HideSolutionNode = FALSE
	EndGlobalSection
	GlobalSection(ExtensibilityGlobals) = postSolution
		SolutionGuid = {1FBAF785-C16D-4DA4-A8D4-F13C20F4AE66}
	EndGlobalSection
EndGlobal
