
Microsoft Visual Studio Solution File, Format Version 12.00
# Visual Studio Version 16
VisualStudioVersion = 16.0.29519.87
MinimumVisualStudioVersion = 10.0.40219.1
Project("{FAE04EC0-301F-11D3-BF4B-00C04F79EFBC}") = "Predicate", "Predicate\Predicate.csproj", "{27536BA0-977B-49CA-97B5-C6D56B16770F}"
EndProject
Global
	GlobalSection(SolutionConfigurationPlatforms) = preSolution
		Debug|Any CPU = Debug|Any CPU
		Release|Any CPU = Release|Any CPU
	EndGlobalSection
	GlobalSection(ProjectConfigurationPlatforms) = postSolution
		{27536BA0-977B-49CA-97B5-C6D56B16770F}.Debug|Any CPU.ActiveCfg = Debug|Any CPU
		{27536BA0-977B-49CA-97B5-C6D56B16770F}.Debug|Any CPU.Build.0 = Debug|Any CPU
		{27536BA0-977B-49CA-97B5-C6D56B16770F}.Release|Any CPU.ActiveCfg = Release|Any CPU
		{27536BA0-977B-49CA-97B5-C6D56B16770F}.Release|Any CPU.Build.0 = Release|Any CPU
	EndGlobalSection
	GlobalSection(SolutionProperties) = preSolution
		HideSolutionNode = FALSE
	EndGlobalSection
	GlobalSection(ExtensibilityGlobals) = postSolution
		SolutionGuid = {C6C258F5-4E88-4F8B-B673-538183130F9E}
	EndGlobalSection
EndGlobal
