
Microsoft Visual Studio Solution File, Format Version 12.00
# Visual Studio Version 16
VisualStudioVersion = 16.0.29306.81
MinimumVisualStudioVersion = 10.0.40219.1
Project("{FAE04EC0-301F-11D3-BF4B-00C04F79EFBC}") = "ExpressaoCondiocionalTernaria", "ExpressaoCondiocionalTernaria\ExpressaoCondiocionalTernaria.csproj", "{C34BA9DE-FC7C-43A5-BB4C-85E2D1AF1690}"
EndProject
Global
	GlobalSection(SolutionConfigurationPlatforms) = preSolution
		Debug|Any CPU = Debug|Any CPU
		Release|Any CPU = Release|Any CPU
	EndGlobalSection
	GlobalSection(ProjectConfigurationPlatforms) = postSolution
		{C34BA9DE-FC7C-43A5-BB4C-85E2D1AF1690}.Debug|Any CPU.ActiveCfg = Debug|Any CPU
		{C34BA9DE-FC7C-43A5-BB4C-85E2D1AF1690}.Debug|Any CPU.Build.0 = Debug|Any CPU
		{C34BA9DE-FC7C-43A5-BB4C-85E2D1AF1690}.Release|Any CPU.ActiveCfg = Release|Any CPU
		{C34BA9DE-FC7C-43A5-BB4C-85E2D1AF1690}.Release|Any CPU.Build.0 = Release|Any CPU
	EndGlobalSection
	GlobalSection(SolutionProperties) = preSolution
		HideSolutionNode = FALSE
	EndGlobalSection
	GlobalSection(ExtensibilityGlobals) = postSolution
		SolutionGuid = {3E590CFC-1797-4312-96A5-248F3D8ED0C5}
	EndGlobalSection
EndGlobal
