
Microsoft Visual Studio Solution File, Format Version 12.00
# Visual Studio Version 16
VisualStudioVersion = 16.0.29306.81
MinimumVisualStudioVersion = 10.0.40219.1
Project("{FAE04EC0-301F-11D3-BF4B-00C04F79EFBC}") = "Construtores", "Construtores\Construtores.csproj", "{83FF5C4D-F99C-473F-88EF-F98715B2DB07}"
EndProject
Global
	GlobalSection(SolutionConfigurationPlatforms) = preSolution
		Debug|Any CPU = Debug|Any CPU
		Release|Any CPU = Release|Any CPU
	EndGlobalSection
	GlobalSection(ProjectConfigurationPlatforms) = postSolution
		{83FF5C4D-F99C-473F-88EF-F98715B2DB07}.Debug|Any CPU.ActiveCfg = Debug|Any CPU
		{83FF5C4D-F99C-473F-88EF-F98715B2DB07}.Debug|Any CPU.Build.0 = Debug|Any CPU
		{83FF5C4D-F99C-473F-88EF-F98715B2DB07}.Release|Any CPU.ActiveCfg = Release|Any CPU
		{83FF5C4D-F99C-473F-88EF-F98715B2DB07}.Release|Any CPU.Build.0 = Release|Any CPU
	EndGlobalSection
	GlobalSection(SolutionProperties) = preSolution
		HideSolutionNode = FALSE
	EndGlobalSection
	GlobalSection(ExtensibilityGlobals) = postSolution
		SolutionGuid = {DBBCD76A-688D-49AE-A296-7E04F6A3F837}
	EndGlobalSection
EndGlobal
