
Microsoft Visual Studio Solution File, Format Version 12.00
# Visual Studio Version 16
VisualStudioVersion = 16.0.29306.81
MinimumVisualStudioVersion = 10.0.40219.1
Project("{FAE04EC0-301F-11D3-BF4B-00C04F79EFBC}") = "DateTime", "DateTime\DateTime.csproj", "{18B9DCD7-1854-4006-BD29-3935D977F1B6}"
EndProject
Global
	GlobalSection(SolutionConfigurationPlatforms) = preSolution
		Debug|Any CPU = Debug|Any CPU
		Release|Any CPU = Release|Any CPU
	EndGlobalSection
	GlobalSection(ProjectConfigurationPlatforms) = postSolution
		{18B9DCD7-1854-4006-BD29-3935D977F1B6}.Debug|Any CPU.ActiveCfg = Debug|Any CPU
		{18B9DCD7-1854-4006-BD29-3935D977F1B6}.Debug|Any CPU.Build.0 = Debug|Any CPU
		{18B9DCD7-1854-4006-BD29-3935D977F1B6}.Release|Any CPU.ActiveCfg = Release|Any CPU
		{18B9DCD7-1854-4006-BD29-3935D977F1B6}.Release|Any CPU.Build.0 = Release|Any CPU
	EndGlobalSection
	GlobalSection(SolutionProperties) = preSolution
		HideSolutionNode = FALSE
	EndGlobalSection
	GlobalSection(ExtensibilityGlobals) = postSolution
		SolutionGuid = {D750BFBB-8572-4F7D-99AB-263FF9D87F4E}
	EndGlobalSection
EndGlobal
