
Microsoft Visual Studio Solution File, Format Version 12.00
# Visual Studio Version 16
VisualStudioVersion = 16.0.29306.81
MinimumVisualStudioVersion = 10.0.40219.1
Project("{FAE04EC0-301F-11D3-BF4B-00C04F79EFBC}") = "VetoresP2", "VetoresP2\VetoresP2.csproj", "{738EB8B6-3957-4C06-8E7B-D885CBEE17EC}"
EndProject
Global
	GlobalSection(SolutionConfigurationPlatforms) = preSolution
		Debug|Any CPU = Debug|Any CPU
		Release|Any CPU = Release|Any CPU
	EndGlobalSection
	GlobalSection(ProjectConfigurationPlatforms) = postSolution
		{738EB8B6-3957-4C06-8E7B-D885CBEE17EC}.Debug|Any CPU.ActiveCfg = Debug|Any CPU
		{738EB8B6-3957-4C06-8E7B-D885CBEE17EC}.Debug|Any CPU.Build.0 = Debug|Any CPU
		{738EB8B6-3957-4C06-8E7B-D885CBEE17EC}.Release|Any CPU.ActiveCfg = Release|Any CPU
		{738EB8B6-3957-4C06-8E7B-D885CBEE17EC}.Release|Any CPU.Build.0 = Release|Any CPU
	EndGlobalSection
	GlobalSection(SolutionProperties) = preSolution
		HideSolutionNode = FALSE
	EndGlobalSection
	GlobalSection(ExtensibilityGlobals) = postSolution
		SolutionGuid = {1610EE8D-5E9E-48C3-9756-CE8FD82B0795}
	EndGlobalSection
EndGlobal
