
Microsoft Visual Studio Solution File, Format Version 12.00
# Visual Studio Version 16
VisualStudioVersion = 16.0.29306.81
MinimumVisualStudioVersion = 10.0.40219.1
Project("{FAE04EC0-301F-11D3-BF4B-00C04F79EFBC}") = "ExercicioPropostoException", "ExercicioPropostoException\ExercicioPropostoException.csproj", "{16F764F7-5FB1-4D83-8CD1-68D9FD21F092}"
EndProject
Global
	GlobalSection(SolutionConfigurationPlatforms) = preSolution
		Debug|Any CPU = Debug|Any CPU
		Release|Any CPU = Release|Any CPU
	EndGlobalSection
	GlobalSection(ProjectConfigurationPlatforms) = postSolution
		{16F764F7-5FB1-4D83-8CD1-68D9FD21F092}.Debug|Any CPU.ActiveCfg = Debug|Any CPU
		{16F764F7-5FB1-4D83-8CD1-68D9FD21F092}.Debug|Any CPU.Build.0 = Debug|Any CPU
		{16F764F7-5FB1-4D83-8CD1-68D9FD21F092}.Release|Any CPU.ActiveCfg = Release|Any CPU
		{16F764F7-5FB1-4D83-8CD1-68D9FD21F092}.Release|Any CPU.Build.0 = Release|Any CPU
	EndGlobalSection
	GlobalSection(SolutionProperties) = preSolution
		HideSolutionNode = FALSE
	EndGlobalSection
	GlobalSection(ExtensibilityGlobals) = postSolution
		SolutionGuid = {06D8FE44-F628-4A43-9AC1-96194A212DDA}
	EndGlobalSection
EndGlobal
