
Microsoft Visual Studio Solution File, Format Version 12.00
# Visual Studio Version 16
VisualStudioVersion = 16.0.29306.81
MinimumVisualStudioVersion = 10.0.40219.1
Project("{FAE04EC0-301F-11D3-BF4B-00C04F79EFBC}") = "Vetores", "Vetores\Vetores.csproj", "{6BBEE1E9-7654-45A5-A0DD-DA317F5C9658}"
EndProject
Global
	GlobalSection(SolutionConfigurationPlatforms) = preSolution
		Debug|Any CPU = Debug|Any CPU
		Release|Any CPU = Release|Any CPU
	EndGlobalSection
	GlobalSection(ProjectConfigurationPlatforms) = postSolution
		{6BBEE1E9-7654-45A5-A0DD-DA317F5C9658}.Debug|Any CPU.ActiveCfg = Debug|Any CPU
		{6BBEE1E9-7654-45A5-A0DD-DA317F5C9658}.Debug|Any CPU.Build.0 = Debug|Any CPU
		{6BBEE1E9-7654-45A5-A0DD-DA317F5C9658}.Release|Any CPU.ActiveCfg = Release|Any CPU
		{6BBEE1E9-7654-45A5-A0DD-DA317F5C9658}.Release|Any CPU.Build.0 = Release|Any CPU
	EndGlobalSection
	GlobalSection(SolutionProperties) = preSolution
		HideSolutionNode = FALSE
	EndGlobalSection
	GlobalSection(ExtensibilityGlobals) = postSolution
		SolutionGuid = {6389E18F-317A-49C0-8E35-4937A96E6EB1}
	EndGlobalSection
EndGlobal
