
Microsoft Visual Studio Solution File, Format Version 12.00
# Visual Studio Version 16
VisualStudioVersion = 16.0.29519.87
MinimumVisualStudioVersion = 10.0.40219.1
Project("{FAE04EC0-301F-11D3-BF4B-00C04F79EFBC}") = "Comparison", "Comparison\Comparison.csproj", "{E42AD6B9-269E-426F-93CE-C6CE359C60F6}"
EndProject
Global
	GlobalSection(SolutionConfigurationPlatforms) = preSolution
		Debug|Any CPU = Debug|Any CPU
		Release|Any CPU = Release|Any CPU
	EndGlobalSection
	GlobalSection(ProjectConfigurationPlatforms) = postSolution
		{E42AD6B9-269E-426F-93CE-C6CE359C60F6}.Debug|Any CPU.ActiveCfg = Debug|Any CPU
		{E42AD6B9-269E-426F-93CE-C6CE359C60F6}.Debug|Any CPU.Build.0 = Debug|Any CPU
		{E42AD6B9-269E-426F-93CE-C6CE359C60F6}.Release|Any CPU.ActiveCfg = Release|Any CPU
		{E42AD6B9-269E-426F-93CE-C6CE359C60F6}.Release|Any CPU.Build.0 = Release|Any CPU
	EndGlobalSection
	GlobalSection(SolutionProperties) = preSolution
		HideSolutionNode = FALSE
	EndGlobalSection
	GlobalSection(ExtensibilityGlobals) = postSolution
		SolutionGuid = {83F8978F-3E34-4025-A599-0B04F7D6918F}
	EndGlobalSection
EndGlobal
